// !$*UTF8*$!
{
	archiveVersion = 1;
	classes = {
	};
	objectVersion = 46;
	objects = {

/* Begin PBXBuildFile section */
		7A42C75F1BCB4F0100EF0894 /* main.m in Sources */ = {isa = PBXBuildFile; fileRef = 7A42C75E1BCB4F0100EF0894 /* main.m */; };
		7A42C7621BCB4F0100EF0894 /* AppDelegate.m in Sources */ = {isa = PBXBuildFile; fileRef = 7A42C7611BCB4F0100EF0894 /* AppDelegate.m */; };
		7A42C7651BCB4F0100EF0894 /* ViewController.m in Sources */ = {isa = PBXBuildFile; fileRef = 7A42C7641BCB4F0100EF0894 /* ViewController.m */; };
		7A42C7681BCB4F0100EF0894 /* Main.storyboard in Resources */ = {isa = PBXBuildFile; fileRef = 7A42C7661BCB4F0100EF0894 /* Main.storyboard */; };
		7A42C76A1BCB4F0100EF0894 /* Assets.xcassets in Resources */ = {isa = PBXBuildFile; fileRef = 7A42C7691BCB4F0100EF0894 /* Assets.xcassets */; };
		7A42C76D1BCB4F0100EF0894 /* LaunchScreen.storyboard in Resources */ = {isa = PBXBuildFile; fileRef = 7A42C76B1BCB4F0100EF0894 /* LaunchScreen.storyboard */; };
		7A42C7931BCB4FF300EF0894 /* HttpManager.m in Sources */ = {isa = PBXBuildFile; fileRef = 7A42C7921BCB4FF300EF0894 /* HttpManager.m */; settings = {ASSET_TAGS = (); }; };
		7A42C79A1BCB504600EF0894 /* MBProgressHUD.m in Sources */ = {isa = PBXBuildFile; fileRef = 7A42C7961BCB504600EF0894 /* MBProgressHUD.m */; settings = {ASSET_TAGS = (); }; };
		7A42C79B1BCB504600EF0894 /* SVProgressHUD.bundle in Resources */ = {isa = PBXBuildFile; fileRef = 7A42C7971BCB504600EF0894 /* SVProgressHUD.bundle */; settings = {ASSET_TAGS = (); }; };
		7A42C79C1BCB504600EF0894 /* SVProgressHUD.m in Sources */ = {isa = PBXBuildFile; fileRef = 7A42C7991BCB504600EF0894 /* SVProgressHUD.m */; settings = {ASSET_TAGS = (); }; };
		7A42C79F1BCB508800EF0894 /* SettingManager.m in Sources */ = {isa = PBXBuildFile; fileRef = 7A42C79E1BCB508800EF0894 /* SettingManager.m */; settings = {ASSET_TAGS = (); }; };
		7A42C7C61BCB51D200EF0894 /* AFHTTPRequestOperation.m in Sources */ = {isa = PBXBuildFile; fileRef = 7A42C7A21BCB51D200EF0894 /* AFHTTPRequestOperation.m */; settings = {ASSET_TAGS = (); }; };
		7A42C7C71BCB51D200EF0894 /* AFHTTPRequestOperationManager.m in Sources */ = {isa = PBXBuildFile; fileRef = 7A42C7A41BCB51D200EF0894 /* AFHTTPRequestOperationManager.m */; settings = {ASSET_TAGS = (); }; };
		7A42C7C81BCB51D200EF0894 /* AFHTTPSessionManager.m in Sources */ = {isa = PBXBuildFile; fileRef = 7A42C7A61BCB51D200EF0894 /* AFHTTPSessionManager.m */; settings = {ASSET_TAGS = (); }; };
		7A42C7C91BCB51D200EF0894 /* AFNetworkReachabilityManager.m in Sources */ = {isa = PBXBuildFile; fileRef = 7A42C7A91BCB51D200EF0894 /* AFNetworkReachabilityManager.m */; settings = {ASSET_TAGS = (); }; };
		7A42C7CA1BCB51D200EF0894 /* AFSecurityPolicy.m in Sources */ = {isa = PBXBuildFile; fileRef = 7A42C7AB1BCB51D200EF0894 /* AFSecurityPolicy.m */; settings = {ASSET_TAGS = (); }; };
		7A42C7CB1BCB51D200EF0894 /* AFURLConnectionOperation.m in Sources */ = {isa = PBXBuildFile; fileRef = 7A42C7AD1BCB51D200EF0894 /* AFURLConnectionOperation.m */; settings = {ASSET_TAGS = (); }; };
		7A42C7CC1BCB51D200EF0894 /* AFURLRequestSerialization.m in Sources */ = {isa = PBXBuildFile; fileRef = 7A42C7AF1BCB51D200EF0894 /* AFURLRequestSerialization.m */; settings = {ASSET_TAGS = (); }; };
		7A42C7CD1BCB51D200EF0894 /* AFURLResponseSerialization.m in Sources */ = {isa = PBXBuildFile; fileRef = 7A42C7B11BCB51D200EF0894 /* AFURLResponseSerialization.m */; settings = {ASSET_TAGS = (); }; };
		7A42C7CE1BCB51D200EF0894 /* AFURLSessionManager.m in Sources */ = {isa = PBXBuildFile; fileRef = 7A42C7B31BCB51D200EF0894 /* AFURLSessionManager.m */; settings = {ASSET_TAGS = (); }; };
		7A42C7CF1BCB51D200EF0894 /* AFNetworkActivityIndicatorManager.m in Sources */ = {isa = PBXBuildFile; fileRef = 7A42C7B61BCB51D200EF0894 /* AFNetworkActivityIndicatorManager.m */; settings = {ASSET_TAGS = (); }; };
		7A42C7D01BCB51D200EF0894 /* UIActivityIndicatorView+AFNetworking.m in Sources */ = {isa = PBXBuildFile; fileRef = 7A42C7B81BCB51D200EF0894 /* UIActivityIndicatorView+AFNetworking.m */; settings = {ASSET_TAGS = (); }; };
		7A42C7D11BCB51D200EF0894 /* UIAlertView+AFNetworking.m in Sources */ = {isa = PBXBuildFile; fileRef = 7A42C7BA1BCB51D200EF0894 /* UIAlertView+AFNetworking.m */; settings = {ASSET_TAGS = (); }; };
		7A42C7D21BCB51D200EF0894 /* UIButton+AFNetworking.m in Sources */ = {isa = PBXBuildFile; fileRef = 7A42C7BC1BCB51D200EF0894 /* UIButton+AFNetworking.m */; settings = {ASSET_TAGS = (); }; };
		7A42C7D31BCB51D200EF0894 /* UIImageView+AFNetworking.m in Sources */ = {isa = PBXBuildFile; fileRef = 7A42C7BE1BCB51D200EF0894 /* UIImageView+AFNetworking.m */; settings = {ASSET_TAGS = (); }; };
		7A42C7D41BCB51D200EF0894 /* UIProgressView+AFNetworking.m in Sources */ = {isa = PBXBuildFile; fileRef = 7A42C7C11BCB51D200EF0894 /* UIProgressView+AFNetworking.m */; settings = {ASSET_TAGS = (); }; };
		7A42C7D51BCB51D200EF0894 /* UIRefreshControl+AFNetworking.m in Sources */ = {isa = PBXBuildFile; fileRef = 7A42C7C31BCB51D200EF0894 /* UIRefreshControl+AFNetworking.m */; settings = {ASSET_TAGS = (); }; };
		7A42C7D61BCB51D200EF0894 /* UIWebView+AFNetworking.m in Sources */ = {isa = PBXBuildFile; fileRef = 7A42C7C51BCB51D200EF0894 /* UIWebView+AFNetworking.m */; settings = {ASSET_TAGS = (); }; };
/* End PBXBuildFile section */

/* Begin PBXFileReference section */
		7A42C75A1BCB4F0100EF0894 /* CST_Update.app */ = {isa = PBXFileReference; explicitFileType = wrapper.application; includeInIndex = 0; path = CST_Update.app; sourceTree = BUILT_PRODUCTS_DIR; };
		7A42C75E1BCB4F0100EF0894 /* main.m */ = {isa = PBXFileReference; lastKnownFileType = sourcecode.c.objc; path = main.m; sourceTree = "<group>"; };
		7A42C7601BCB4F0100EF0894 /* AppDelegate.h */ = {isa = PBXFileReference; lastKnownFileType = sourcecode.c.h; path = AppDelegate.h; sourceTree = "<group>"; };
		7A42C7611BCB4F0100EF0894 /* AppDelegate.m */ = {isa = PBXFileReference; lastKnownFileType = sourcecode.c.objc; path = AppDelegate.m; sourceTree = "<group>"; };
		7A42C7631BCB4F0100EF0894 /* ViewController.h */ = {isa = PBXFileReference; lastKnownFileType = sourcecode.c.h; path = ViewController.h; sourceTree = "<group>"; };
		7A42C7641BCB4F0100EF0894 /* ViewController.m */ = {isa = PBXFileReference; lastKnownFileType = sourcecode.c.objc; path = ViewController.m; sourceTree = "<group>"; };
		7A42C7671BCB4F0100EF0894 /* Base */ = {isa = PBXFileReference; lastKnownFileType = file.storyboard; name = Base; path = Base.lproj/Main.storyboard; sourceTree = "<group>"; };
		7A42C7691BCB4F0100EF0894 /* Assets.xcassets */ = {isa = PBXFileReference; lastKnownFileType = folder.assetcatalog; path = Assets.xcassets; sourceTree = "<group>"; };
		7A42C76C1BCB4F0100EF0894 /* Base */ = {isa = PBXFileReference; lastKnownFileType = file.storyboard; name = Base; path = Base.lproj/LaunchScreen.storyboard; sourceTree = "<group>"; };
		7A42C76E1BCB4F0100EF0894 /* Info.plist */ = {isa = PBXFileReference; lastKnownFileType = text.plist.xml; path = Info.plist; sourceTree = "<group>"; };
		7A42C7911BCB4FF300EF0894 /* HttpManager.h */ = {isa = PBXFileReference; fileEncoding = 4; lastKnownFileType = sourcecode.c.h; path = HttpManager.h; sourceTree = "<group>"; };
		7A42C7921BCB4FF300EF0894 /* HttpManager.m */ = {isa = PBXFileReference; fileEncoding = 4; lastKnownFileType = sourcecode.c.objc; path = HttpManager.m; sourceTree = "<group>"; };
		7A42C7951BCB504600EF0894 /* MBProgressHUD.h */ = {isa = PBXFileReference; fileEncoding = 4; lastKnownFileType = sourcecode.c.h; path = MBProgressHUD.h; sourceTree = "<group>"; };
		7A42C7961BCB504600EF0894 /* MBProgressHUD.m */ = {isa = PBXFileReference; fileEncoding = 4; lastKnownFileType = sourcecode.c.objc; path = MBProgressHUD.m; sourceTree = "<group>"; };
		7A42C7971BCB504600EF0894 /* SVProgressHUD.bundle */ = {isa = PBXFileReference; lastKnownFileType = "wrapper.plug-in"; path = SVProgressHUD.bundle; sourceTree = "<group>"; };
		7A42C7981BCB504600EF0894 /* SVProgressHUD.h */ = {isa = PBXFileReference; fileEncoding = 4; lastKnownFileType = sourcecode.c.h; path = SVProgressHUD.h; sourceTree = "<group>"; };
		7A42C7991BCB504600EF0894 /* SVProgressHUD.m */ = {isa = PBXFileReference; fileEncoding = 4; lastKnownFileType = sourcecode.c.objc; path = SVProgressHUD.m; sourceTree = "<group>"; };
		7A42C79D1BCB508800EF0894 /* SettingManager.h */ = {isa = PBXFileReference; fileEncoding = 4; lastKnownFileType = sourcecode.c.h; path = SettingManager.h; sourceTree = "<group>"; };
		7A42C79E1BCB508800EF0894 /* SettingManager.m */ = {isa = PBXFileReference; fileEncoding = 4; lastKnownFileType = sourcecode.c.objc; path = SettingManager.m; sourceTree = "<group>"; };
		7A42C7A11BCB51D200EF0894 /* AFHTTPRequestOperation.h */ = {isa = PBXFileReference; fileEncoding = 4; lastKnownFileType = sourcecode.c.h; path = AFHTTPRequestOperation.h; sourceTree = "<group>"; };
		7A42C7A21BCB51D200EF0894 /* AFHTTPRequestOperation.m */ = {isa = PBXFileReference; fileEncoding = 4; lastKnownFileType = sourcecode.c.objc; path = AFHTTPRequestOperation.m; sourceTree = "<group>"; };
		7A42C7A31BCB51D200EF0894 /* AFHTTPRequestOperationManager.h */ = {isa = PBXFileReference; fileEncoding = 4; lastKnownFileType = sourcecode.c.h; path = AFHTTPRequestOperationManager.h; sourceTree = "<group>"; };
		7A42C7A41BCB51D200EF0894 /* AFHTTPRequestOperationManager.m */ = {isa = PBXFileReference; fileEncoding = 4; lastKnownFileType = sourcecode.c.objc; path = AFHTTPRequestOperationManager.m; sourceTree = "<group>"; };
		7A42C7A51BCB51D200EF0894 /* AFHTTPSessionManager.h */ = {isa = PBXFileReference; fileEncoding = 4; lastKnownFileType = sourcecode.c.h; path = AFHTTPSessionManager.h; sourceTree = "<group>"; };
		7A42C7A61BCB51D200EF0894 /* AFHTTPSessionManager.m */ = {isa = PBXFileReference; fileEncoding = 4; lastKnownFileType = sourcecode.c.objc; path = AFHTTPSessionManager.m; sourceTree = "<group>"; };
		7A42C7A71BCB51D200EF0894 /* AFNetworking.h */ = {isa = PBXFileReference; fileEncoding = 4; lastKnownFileType = sourcecode.c.h; path = AFNetworking.h; sourceTree = "<group>"; };
		7A42C7A81BCB51D200EF0894 /* AFNetworkReachabilityManager.h */ = {isa = PBXFileReference; fileEncoding = 4; lastKnownFileType = sourcecode.c.h; path = AFNetworkReachabilityManager.h; sourceTree = "<group>"; };
		7A42C7A91BCB51D200EF0894 /* AFNetworkReachabilityManager.m */ = {isa = PBXFileReference; fileEncoding = 4; lastKnownFileType = sourcecode.c.objc; path = AFNetworkReachabilityManager.m; sourceTree = "<group>"; };
		7A42C7AA1BCB51D200EF0894 /* AFSecurityPolicy.h */ = {isa = PBXFileReference; fileEncoding = 4; lastKnownFileType = sourcecode.c.h; path = AFSecurityPolicy.h; sourceTree = "<group>"; };
		7A42C7AB1BCB51D200EF0894 /* AFSecurityPolicy.m */ = {isa = PBXFileReference; fileEncoding = 4; lastKnownFileType = sourcecode.c.objc; path = AFSecurityPolicy.m; sourceTree = "<group>"; };
		7A42C7AC1BCB51D200EF0894 /* AFURLConnectionOperation.h */ = {isa = PBXFileReference; fileEncoding = 4; lastKnownFileType = sourcecode.c.h; path = AFURLConnectionOperation.h; sourceTree = "<group>"; };
		7A42C7AD1BCB51D200EF0894 /* AFURLConnectionOperation.m */ = {isa = PBXFileReference; fileEncoding = 4; lastKnownFileType = sourcecode.c.objc; path = AFURLConnectionOperation.m; sourceTree = "<group>"; };
		7A42C7AE1BCB51D200EF0894 /* AFURLRequestSerialization.h */ = {isa = PBXFileReference; fileEncoding = 4; lastKnownFileType = sourcecode.c.h; path = AFURLRequestSerialization.h; sourceTree = "<group>"; };
		7A42C7AF1BCB51D200EF0894 /* AFURLRequestSerialization.m */ = {isa = PBXFileReference; fileEncoding = 4; lastKnownFileType = sourcecode.c.objc; path = AFURLRequestSerialization.m; sourceTree = "<group>"; };
		7A42C7B01BCB51D200EF0894 /* AFURLResponseSerialization.h */ = {isa = PBXFileReference; fileEncoding = 4; lastKnownFileType = sourcecode.c.h; path = AFURLResponseSerialization.h; sourceTree = "<group>"; };
		7A42C7B11BCB51D200EF0894 /* AFURLResponseSerialization.m */ = {isa = PBXFileReference; fileEncoding = 4; lastKnownFileType = sourcecode.c.objc; path = AFURLResponseSerialization.m; sourceTree = "<group>"; };
		7A42C7B21BCB51D200EF0894 /* AFURLSessionManager.h */ = {isa = PBXFileReference; fileEncoding = 4; lastKnownFileType = sourcecode.c.h; path = AFURLSessionManager.h; sourceTree = "<group>"; };
		7A42C7B31BCB51D200EF0894 /* AFURLSessionManager.m */ = {isa = PBXFileReference; fileEncoding = 4; lastKnownFileType = sourcecode.c.objc; path = AFURLSessionManager.m; sourceTree = "<group>"; };
		7A42C7B51BCB51D200EF0894 /* AFNetworkActivityIndicatorManager.h */ = {isa = PBXFileReference; fileEncoding = 4; lastKnownFileType = sourcecode.c.h; path = AFNetworkActivityIndicatorManager.h; sourceTree = "<group>"; };
		7A42C7B61BCB51D200EF0894 /* AFNetworkActivityIndicatorManager.m */ = {isa = PBXFileReference; fileEncoding = 4; lastKnownFileType = sourcecode.c.objc; path = AFNetworkActivityIndicatorManager.m; sourceTree = "<group>"; };
		7A42C7B71BCB51D200EF0894 /* UIActivityIndicatorView+AFNetworking.h */ = {isa = PBXFileReference; fileEncoding = 4; lastKnownFileType = sourcecode.c.h; path = "UIActivityIndicatorView+AFNetworking.h"; sourceTree = "<group>"; };
		7A42C7B81BCB51D200EF0894 /* UIActivityIndicatorView+AFNetworking.m */ = {isa = PBXFileReference; fileEncoding = 4; lastKnownFileType = sourcecode.c.objc; path = "UIActivityIndicatorView+AFNetworking.m"; sourceTree = "<group>"; };
		7A42C7B91BCB51D200EF0894 /* UIAlertView+AFNetworking.h */ = {isa = PBXFileReference; fileEncoding = 4; lastKnownFileType = sourcecode.c.h; path = "UIAlertView+AFNetworking.h"; sourceTree = "<group>"; };
		7A42C7BA1BCB51D200EF0894 /* UIAlertView+AFNetworking.m */ = {isa = PBXFileReference; fileEncoding = 4; lastKnownFileType = sourcecode.c.objc; path = "UIAlertView+AFNetworking.m"; sourceTree = "<group>"; };
		7A42C7BB1BCB51D200EF0894 /* UIButton+AFNetworking.h */ = {isa = PBXFileReference; fileEncoding = 4; lastKnownFileType = sourcecode.c.h; path = "UIButton+AFNetworking.h"; sourceTree = "<group>"; };
		7A42C7BC1BCB51D200EF0894 /* UIButton+AFNetworking.m */ = {isa = PBXFileReference; fileEncoding = 4; lastKnownFileType = sourcecode.c.objc; path = "UIButton+AFNetworking.m"; sourceTree = "<group>"; };
		7A42C7BD1BCB51D200EF0894 /* UIImageView+AFNetworking.h */ = {isa = PBXFileReference; fileEncoding = 4; lastKnownFileType = sourcecode.c.h; path = "UIImageView+AFNetworking.h"; sourceTree = "<group>"; };
		7A42C7BE1BCB51D200EF0894 /* UIImageView+AFNetworking.m */ = {isa = PBXFileReference; fileEncoding = 4; lastKnownFileType = sourcecode.c.objc; path = "UIImageView+AFNetworking.m"; sourceTree = "<group>"; };
		7A42C7BF1BCB51D200EF0894 /* UIKit+AFNetworking.h */ = {isa = PBXFileReference; fileEncoding = 4; lastKnownFileType = sourcecode.c.h; path = "UIKit+AFNetworking.h"; sourceTree = "<group>"; };
		7A42C7C01BCB51D200EF0894 /* UIProgressView+AFNetworking.h */ = {isa = PBXFileReference; fileEncoding = 4; lastKnownFileType = sourcecode.c.h; path = "UIProgressView+AFNetworking.h"; sourceTree = "<group>"; };
		7A42C7C11BCB51D200EF0894 /* UIProgressView+AFNetworking.m */ = {isa = PBXFileReference; fileEncoding = 4; lastKnownFileType = sourcecode.c.objc; path = "UIProgressView+AFNetworking.m"; sourceTree = "<group>"; };
		7A42C7C21BCB51D200EF0894 /* UIRefreshControl+AFNetworking.h */ = {isa = PBXFileReference; fileEncoding = 4; lastKnownFileType = sourcecode.c.h; path = "UIRefreshControl+AFNetworking.h"; sourceTree = "<group>"; };
		7A42C7C31BCB51D200EF0894 /* UIRefreshControl+AFNetworking.m */ = {isa = PBXFileReference; fileEncoding = 4; lastKnownFileType = sourcecode.c.objc; path = "UIRefreshControl+AFNetworking.m"; sourceTree = "<group>"; };
		7A42C7C41BCB51D200EF0894 /* UIWebView+AFNetworking.h */ = {isa = PBXFileReference; fileEncoding = 4; lastKnownFileType = sourcecode.c.h; path = "UIWebView+AFNetworking.h"; sourceTree = "<group>"; };
		7A42C7C51BCB51D200EF0894 /* UIWebView+AFNetworking.m */ = {isa = PBXFileReference; fileEncoding = 4; lastKnownFileType = sourcecode.c.objc; path = "UIWebView+AFNetworking.m"; sourceTree = "<group>"; };
/* End PBXFileReference section */

/* Begin PBXFrameworksBuildPhase section */
		7A42C7571BCB4F0100EF0894 /* Frameworks */ = {
			isa = PBXFrameworksBuildPhase;
			buildActionMask = 2147483647;
			files = (
			);
			runOnlyForDeploymentPostprocessing = 0;
		};
/* End PBXFrameworksBuildPhase section */

/* Begin PBXGroup section */
		7A42C7511BCB4F0100EF0894 = {
			isa = PBXGroup;
			children = (
				7A42C75C1BCB4F0100EF0894 /* CST_Update */,
				7A42C75B1BCB4F0100EF0894 /* Products */,
			);
			sourceTree = "<group>";
		};
		7A42C75B1BCB4F0100EF0894 /* Products */ = {
			isa = PBXGroup;
			children = (
				7A42C75A1BCB4F0100EF0894 /* CST_Update.app */,
			);
			name = Products;
			sourceTree = "<group>";
		};
		7A42C75C1BCB4F0100EF0894 /* CST_Update */ = {
			isa = PBXGroup;
			children = (
				7A42C7601BCB4F0100EF0894 /* AppDelegate.h */,
				7A42C7611BCB4F0100EF0894 /* AppDelegate.m */,
				7A42C7631BCB4F0100EF0894 /* ViewController.h */,
				7A42C7641BCB4F0100EF0894 /* ViewController.m */,
				7A42C7661BCB4F0100EF0894 /* Main.storyboard */,
				7A42C7901BCB4FF300EF0894 /* UpdateVersion */,
				7A42C7691BCB4F0100EF0894 /* Assets.xcassets */,
				7A42C76B1BCB4F0100EF0894 /* LaunchScreen.storyboard */,
				7A42C76E1BCB4F0100EF0894 /* Info.plist */,
				7A42C75D1BCB4F0100EF0894 /* Supporting Files */,
			);
			name = CST_Update;
			path = CST_LOGIN;
			sourceTree = "<group>";
		};
		7A42C75D1BCB4F0100EF0894 /* Supporting Files */ = {
			isa = PBXGroup;
			children = (
				7A42C75E1BCB4F0100EF0894 /* main.m */,
			);
			name = "Supporting Files";
			sourceTree = "<group>";
		};
		7A42C7901BCB4FF300EF0894 /* UpdateVersion */ = {
			isa = PBXGroup;
			children = (
				7A42C7911BCB4FF300EF0894 /* HttpManager.h */,
				7A42C7921BCB4FF300EF0894 /* HttpManager.m */,
				7A42C79D1BCB508800EF0894 /* SettingManager.h */,
				7A42C79E1BCB508800EF0894 /* SettingManager.m */,
				7A42C7A01BCB51D200EF0894 /* AFNetworking */,
				7A42C7941BCB504600EF0894 /* SVProgressHUD */,
			);
			path = UpdateVersion;
			sourceTree = "<group>";
		};
		7A42C7941BCB504600EF0894 /* SVProgressHUD */ = {
			isa = PBXGroup;
			children = (
				7A42C7951BCB504600EF0894 /* MBProgressHUD.h */,
				7A42C7961BCB504600EF0894 /* MBProgressHUD.m */,
				7A42C7971BCB504600EF0894 /* SVProgressHUD.bundle */,
				7A42C7981BCB504600EF0894 /* SVProgressHUD.h */,
				7A42C7991BCB504600EF0894 /* SVProgressHUD.m */,
			);
			path = SVProgressHUD;
			sourceTree = "<group>";
		};
		7A42C7A01BCB51D200EF0894 /* AFNetworking */ = {
			isa = PBXGroup;
			children = (
				7A42C7A11BCB51D200EF0894 /* AFHTTPRequestOperation.h */,
				7A42C7A21BCB51D200EF0894 /* AFHTTPRequestOperation.m */,
				7A42C7A31BCB51D200EF0894 /* AFHTTPRequestOperationManager.h */,
				7A42C7A41BCB51D200EF0894 /* AFHTTPRequestOperationManager.m */,
				7A42C7A51BCB51D200EF0894 /* AFHTTPSessionManager.h */,
				7A42C7A61BCB51D200EF0894 /* AFHTTPSessionManager.m */,
				7A42C7A71BCB51D200EF0894 /* AFNetworking.h */,
				7A42C7A81BCB51D200EF0894 /* AFNetworkReachabilityManager.h */,
				7A42C7A91BCB51D200EF0894 /* AFNetworkReachabilityManager.m */,
				7A42C7AA1BCB51D200EF0894 /* AFSecurityPolicy.h */,
				7A42C7AB1BCB51D200EF0894 /* AFSecurityPolicy.m */,
				7A42C7AC1BCB51D200EF0894 /* AFURLConnectionOperation.h */,
				7A42C7AD1BCB51D200EF0894 /* AFURLConnectionOperation.m */,
				7A42C7AE1BCB51D200EF0894 /* AFURLRequestSerialization.h */,
				7A42C7AF1BCB51D200EF0894 /* AFURLRequestSerialization.m */,
				7A42C7B01BCB51D200EF0894 /* AFURLResponseSerialization.h */,
				7A42C7B11BCB51D200EF0894 /* AFURLResponseSerialization.m */,
				7A42C7B21BCB51D200EF0894 /* AFURLSessionManager.h */,
				7A42C7B31BCB51D200EF0894 /* AFURLSessionManager.m */,
				7A42C7B41BCB51D200EF0894 /* UIKit+AFNetworking */,
			);
			path = AFNetworking;
			sourceTree = "<group>";
		};
		7A42C7B41BCB51D200EF0894 /* UIKit+AFNetworking */ = {
			isa = PBXGroup;
			children = (
				7A42C7B51BCB51D200EF0894 /* AFNetworkActivityIndicatorManager.h */,
				7A42C7B61BCB51D200EF0894 /* AFNetworkActivityIndicatorManager.m */,
				7A42C7B71BCB51D200EF0894 /* UIActivityIndicatorView+AFNetworking.h */,
				7A42C7B81BCB51D200EF0894 /* UIActivityIndicatorView+AFNetworking.m */,
				7A42C7B91BCB51D200EF0894 /* UIAlertView+AFNetworking.h */,
				7A42C7BA1BCB51D200EF0894 /* UIAlertView+AFNetworking.m */,
				7A42C7BB1BCB51D200EF0894 /* UIButton+AFNetworking.h */,
				7A42C7BC1BCB51D200EF0894 /* UIButton+AFNetworking.m */,
				7A42C7BD1BCB51D200EF0894 /* UIImageView+AFNetworking.h */,
				7A42C7BE1BCB51D200EF0894 /* UIImageView+AFNetworking.m */,
				7A42C7BF1BCB51D200EF0894 /* UIKit+AFNetworking.h */,
				7A42C7C01BCB51D200EF0894 /* UIProgressView+AFNetworking.h */,
				7A42C7C11BCB51D200EF0894 /* UIProgressView+AFNetworking.m */,
				7A42C7C21BCB51D200EF0894 /* UIRefreshControl+AFNetworking.h */,
				7A42C7C31BCB51D200EF0894 /* UIRefreshControl+AFNetworking.m */,
				7A42C7C41BCB51D200EF0894 /* UIWebView+AFNetworking.h */,
				7A42C7C51BCB51D200EF0894 /* UIWebView+AFNetworking.m */,
			);
			path = "UIKit+AFNetworking";
			sourceTree = "<group>";
		};
/* End PBXGroup section */

/* Begin PBXNativeTarget section */
		7A42C7591BCB4F0100EF0894 /* CST_Update */ = {
			isa = PBXNativeTarget;
			buildConfigurationList = 7A42C7871BCB4F0100EF0894 /* Build configuration list for PBXNativeTarget "CST_Update" */;
			buildPhases = (
				7A42C7561BCB4F0100EF0894 /* Sources */,
				7A42C7571BCB4F0100EF0894 /* Frameworks */,
				7A42C7581BCB4F0100EF0894 /* Resources */,
			);
			buildRules = (
			);
			dependencies = (
			);
			name = CST_Update;
			productName = CST_LOGIN;
			productReference = 7A42C75A1BCB4F0100EF0894 /* CST_Update.app */;
			productType = "com.apple.product-type.application";
		};
/* End PBXNativeTarget section */

/* Begin PBXProject section */
		7A42C7521BCB4F0100EF0894 /* Project object */ = {
			isa = PBXProject;
			attributes = {
				LastUpgradeCheck = 0700;
				ORGANIZATIONNAME = zouao;
				TargetAttributes = {
					7A42C7591BCB4F0100EF0894 = {
						CreatedOnToolsVersion = 7.0;
					};
				};
			};
			buildConfigurationList = 7A42C7551BCB4F0100EF0894 /* Build configuration list for PBXProject "CST_LOGIN" */;
			compatibilityVersion = "Xcode 3.2";
			developmentRegion = English;
			hasScannedForEncodings = 0;
			knownRegions = (
				en,
				Base,
			);
			mainGroup = 7A42C7511BCB4F0100EF0894;
			productRefGroup = 7A42C75B1BCB4F0100EF0894 /* Products */;
			projectDirPath = "";
			projectRoot = "";
			targets = (
				7A42C7591BCB4F0100EF0894 /* CST_Update */,
			);
		};
/* End PBXProject section */

/* Begin PBXResourcesBuildPhase section */
		7A42C7581BCB4F0100EF0894 /* Resources */ = {
			isa = PBXResourcesBuildPhase;
			buildActionMask = 2147483647;
			files = (
				7A42C76D1BCB4F0100EF0894 /* LaunchScreen.storyboard in Resources */,
				7A42C76A1BCB4F0100EF0894 /* Assets.xcassets in Resources */,
				7A42C7681BCB4F0100EF0894 /* Main.storyboard in Resources */,
				7A42C79B1BCB504600EF0894 /* SVProgressHUD.bundle in Resources */,
			);
			runOnlyForDeploymentPostprocessing = 0;
		};
/* End PBXResourcesBuildPhase section */

/* Begin PBXSourcesBuildPhase section */
		7A42C7561BCB4F0100EF0894 /* Sources */ = {
			isa = PBXSourcesBuildPhase;
			buildActionMask = 2147483647;
			files = (
				7A42C7D51BCB51D200EF0894 /* UIRefreshControl+AFNetworking.m in Sources */,
				7A42C7CB1BCB51D200EF0894 /* AFURLConnectionOperation.m in Sources */,
				7A42C7651BCB4F0100EF0894 /* ViewController.m in Sources */,
				7A42C7D41BCB51D200EF0894 /* UIProgressView+AFNetworking.m in Sources */,
				7A42C7621BCB4F0100EF0894 /* AppDelegate.m in Sources */,
				7A42C7D11BCB51D200EF0894 /* UIAlertView+AFNetworking.m in Sources */,
				7A42C79A1BCB504600EF0894 /* MBProgressHUD.m in Sources */,
				7A42C7CD1BCB51D200EF0894 /* AFURLResponseSerialization.m in Sources */,
				7A42C7D21BCB51D200EF0894 /* UIButton+AFNetworking.m in Sources */,
				7A42C79F1BCB508800EF0894 /* SettingManager.m in Sources */,
				7A42C7D01BCB51D200EF0894 /* UIActivityIndicatorView+AFNetworking.m in Sources */,
				7A42C7CC1BCB51D200EF0894 /* AFURLRequestSerialization.m in Sources */,
				7A42C7CF1BCB51D200EF0894 /* AFNetworkActivityIndicatorManager.m in Sources */,
				7A42C7CA1BCB51D200EF0894 /* AFSecurityPolicy.m in Sources */,
				7A42C7C61BCB51D200EF0894 /* AFHTTPRequestOperation.m in Sources */,
				7A42C7CE1BCB51D200EF0894 /* AFURLSessionManager.m in Sources */,
				7A42C75F1BCB4F0100EF0894 /* main.m in Sources */,
				7A42C7931BCB4FF300EF0894 /* HttpManager.m in Sources */,
				7A42C7C81BCB51D200EF0894 /* AFHTTPSessionManager.m in Sources */,
				7A42C79C1BCB504600EF0894 /* SVProgressHUD.m in Sources */,
				7A42C7D61BCB51D200EF0894 /* UIWebView+AFNetworking.m in Sources */,
				7A42C7C91BCB51D200EF0894 /* AFNetworkReachabilityManager.m in Sources */,
				7A42C7D31BCB51D200EF0894 /* UIImageView+AFNetworking.m in Sources */,
				7A42C7C71BCB51D200EF0894 /* AFHTTPRequestOperationManager.m in Sources */,
			);
			runOnlyForDeploymentPostprocessing = 0;
		};
/* End PBXSourcesBuildPhase section */

/* Begin PBXVariantGroup section */
		7A42C7661BCB4F0100EF0894 /* Main.storyboard */ = {
			isa = PBXVariantGroup;
			children = (
				7A42C7671BCB4F0100EF0894 /* Base */,
			);
			name = Main.storyboard;
			sourceTree = "<group>";
		};
		7A42C76B1BCB4F0100EF0894 /* LaunchScreen.storyboard */ = {
			isa = PBXVariantGroup;
			children = (
				7A42C76C1BCB4F0100EF0894 /* Base */,
			);
			name = LaunchScreen.storyboard;
			sourceTree = "<group>";
		};
/* End PBXVariantGroup section */

/* Begin XCBuildConfiguration section */
		7A42C7851BCB4F0100EF0894 /* Debug */ = {
			isa = XCBuildConfiguration;
			buildSettings = {
				ALWAYS_SEARCH_USER_PATHS = NO;
				CLANG_CXX_LANGUAGE_STANDARD = "gnu++0x";
				CLANG_CXX_LIBRARY = "libc++";
				CLANG_ENABLE_MODULES = YES;
				CLANG_ENABLE_OBJC_ARC = YES;
				CLANG_WARN_BOOL_CONVERSION = YES;
				CLANG_WARN_CONSTANT_CONVERSION = YES;
				CLANG_WARN_DIRECT_OBJC_ISA_USAGE = YES_ERROR;
				CLANG_WARN_EMPTY_BODY = YES;
				CLANG_WARN_ENUM_CONVERSION = YES;
				CLANG_WARN_INT_CONVERSION = YES;
				CLANG_WARN_OBJC_ROOT_CLASS = YES_ERROR;
				CLANG_WARN_UNREACHABLE_CODE = YES;
				CLANG_WARN__DUPLICATE_METHOD_MATCH = YES;
				"CODE_SIGN_IDENTITY[sdk=iphoneos*]" = "iPhone Developer";
				COPY_PHASE_STRIP = NO;
				DEBUG_INFORMATION_FORMAT = dwarf;
				ENABLE_STRICT_OBJC_MSGSEND = YES;
				ENABLE_TESTABILITY = YES;
				GCC_C_LANGUAGE_STANDARD = gnu99;
				GCC_DYNAMIC_NO_PIC = NO;
				GCC_NO_COMMON_BLOCKS = YES;
				GCC_OPTIMIZATION_LEVEL = 0;
				GCC_PREPROCESSOR_DEFINITIONS = (
					"DEBUG=1",
					"$(inherited)",
				);
				GCC_WARN_64_TO_32_BIT_CONVERSION = YES;
				GCC_WARN_ABOUT_RETURN_TYPE = YES_ERROR;
				GCC_WARN_UNDECLARED_SELECTOR = YES;
				GCC_WARN_UNINITIALIZED_AUTOS = YES_AGGRESSIVE;
				GCC_WARN_UNUSED_FUNCTION = YES;
				GCC_WARN_UNUSED_VARIABLE = YES;
				IPHONEOS_DEPLOYMENT_TARGET = 9.0;
				MTL_ENABLE_DEBUG_INFO = YES;
				ONLY_ACTIVE_ARCH = YES;
				SDKROOT = iphoneos;
			};
			name = Debug;
		};
		7A42C7861BCB4F0100EF0894 /* Release */ = {
			isa = XCBuildConfiguration;
			buildSettings = {
				ALWAYS_SEARCH_USER_PATHS = NO;
				CLANG_CXX_LANGUAGE_STANDARD = "gnu++0x";
				CLANG_CXX_LIBRARY = "libc++";
				CLANG_ENABLE_MODULES = YES;
				CLANG_ENABLE_OBJC_ARC = YES;
				CLANG_WARN_BOOL_CONVERSION = YES;
				CLANG_WARN_CONSTANT_CONVERSION = YES;
				CLANG_WARN_DIRECT_OBJC_ISA_USAGE = YES_ERROR;
				CLANG_WARN_EMPTY_BODY = YES;
				CLANG_WARN_ENUM_CONVERSION = YES;
				CLANG_WARN_INT_CONVERSION = YES;
				CLANG_WARN_OBJC_ROOT_CLASS = YES_ERROR;
				CLANG_WARN_UNREACHABLE_CODE = YES;
				CLANG_WARN__DUPLICATE_METHOD_MATCH = YES;
				"CODE_SIGN_IDENTITY[sdk=iphoneos*]" = "iPhone Developer";
				COPY_PHASE_STRIP = NO;
				DEBUG_INFORMATION_FORMAT = "dwarf-with-dsym";
				ENABLE_NS_ASSERTIONS = NO;
				ENABLE_STRICT_OBJC_MSGSEND = YES;
				GCC_C_LANGUAGE_STANDARD = gnu99;
				GCC_NO_COMMON_BLOCKS = YES;
				GCC_WARN_64_TO_32_BIT_CONVERSION = YES;
				GCC_WARN_ABOUT_RETURN_TYPE = YES_ERROR;
				GCC_WARN_UNDECLARED_SELECTOR = YES;
				GCC_WARN_UNINITIALIZED_AUTOS = YES_AGGRESSIVE;
				GCC_WARN_UNUSED_FUNCTION = YES;
				GCC_WARN_UNUSED_VARIABLE = YES;
				IPHONEOS_DEPLOYMENT_TARGET = 9.0;
				MTL_ENABLE_DEBUG_INFO = NO;
				SDKROOT = iphoneos;
				VALIDATE_PRODUCT = YES;
			};
			name = Release;
		};
		7A42C7881BCB4F0100EF0894 /* Debug */ = {
			isa = XCBuildConfiguration;
			buildSettings = {
				ASSETCATALOG_COMPILER_APPICON_NAME = AppIcon;
				INFOPLIST_FILE = CST_LOGIN/Info.plist;
				LD_RUNPATH_SEARCH_PATHS = "$(inherited) @executable_path/Frameworks";
				PRODUCT_BUNDLE_IDENTIFIER = "com.cst.CST-Update";
				PRODUCT_NAME = "$(TARGET_NAME)";
			};
			name = Debug;
		};
		7A42C7891BCB4F0100EF0894 /* Release */ = {
			isa = XCBuildConfiguration;
			buildSettings = {
				ASSETCATALOG_COMPILER_APPICON_NAME = AppIcon;
				INFOPLIST_FILE = CST_LOGIN/Info.plist;
				LD_RUNPATH_SEARCH_PATHS = "$(inherited) @executable_path/Frameworks";
				PRODUCT_BUNDLE_IDENTIFIER = "com.cst.CST-Update";
				PRODUCT_NAME = "$(TARGET_NAME)";
			};
			name = Release;
		};
/* End XCBuildConfiguration section */

/* Begin XCConfigurationList section */
		7A42C7551BCB4F0100EF0894 /* Build configuration list for PBXProject "CST_LOGIN" */ = {
			isa = XCConfigurationList;
			buildConfigurations = (
				7A42C7851BCB4F0100EF0894 /* Debug */,
				7A42C7861BCB4F0100EF0894 /* Release */,
			);
			defaultConfigurationIsVisible = 0;
			defaultConfigurationName = Release;
		};
		7A42C7871BCB4F0100EF0894 /* Build configuration list for PBXNativeTarget "CST_Update" */ = {
			isa = XCConfigurationList;
			buildConfigurations = (
				7A42C7881BCB4F0100EF0894 /* Debug */,
				7A42C7891BCB4F0100EF0894 /* Release */,
			);
			defaultConfigurationIsVisible = 0;
			defaultConfigurationName = Release;
		};
/* End XCConfigurationList section */
	};
	rootObject = 7A42C7521BCB4F0100EF0894 /* Project object */;
}
